// !$*UTF8*$!
{
	archiveVersion = 1;
	classes = {
	};
	objectVersion = 46;
	objects = {

/* Begin PBXBuildFile section */
		EA3F8EBE13C001CB00795244 /* UIKit.framework in Frameworks */ = {isa = PBXBuildFile; fileRef = EA3F8EBD13C001CB00795244 /* UIKit.framework */; };
		EA3F8EC013C001CB00795244 /* Foundation.framework in Frameworks */ = {isa = PBXBuildFile; fileRef = EA3F8EBF13C001CB00795244 /* Foundation.framework */; };
		EA3F8EC213C001CB00795244 /* CoreGraphics.framework in Frameworks */ = {isa = PBXBuildFile; fileRef = EA3F8EC113C001CB00795244 /* CoreGraphics.framework */; };
		EA3F8EC813C001CB00795244 /* InfoPlist.strings in Resources */ = {isa = PBXBuildFile; fileRef = EA3F8EC613C001CB00795244 /* InfoPlist.strings */; };
		EA3F8ECB13C001CB00795244 /* main.m in Sources */ = {isa = PBXBuildFile; fileRef = EA3F8ECA13C001CB00795244 /* main.m */; };
		EA3F8ECE13C001CB00795244 /* PebblesAppDelegate.m in Sources */ = {isa = PBXBuildFile; fileRef = EA3F8ECD13C001CB00795244 /* PebblesAppDelegate.m */; };
		EA3F8ED113C001CC00795244 /* MainWindow.xib in Resources */ = {isa = PBXBuildFile; fileRef = EA3F8ECF13C001CC00795244 /* MainWindow.xib */; };
		EA3F8ED413C001CC00795244 /* PebblesViewController.m in Sources */ = {isa = PBXBuildFile; fileRef = EA3F8ED313C001CC00795244 /* PebblesViewController.m */; };
		EA3F8ED713C001CC00795244 /* PebblesViewController.xib in Resources */ = {isa = PBXBuildFile; fileRef = EA3F8ED513C001CC00795244 /* PebblesViewController.xib */; };
		EA3F8EE013C003BE00795244 /* CloudViewController.m in Sources */ = {isa = PBXBuildFile; fileRef = EA3F8EDF13C003BE00795244 /* CloudViewController.m */; };
		EA3F8EE513C0099D00795244 /* cloud.png in Resources */ = {isa = PBXBuildFile; fileRef = EA3F8EE413C0099D00795244 /* cloud.png */; };
		EA7203FA13CBECED00574018 /* Cloud.m in Sources */ = {isa = PBXBuildFile; fileRef = EA7203F913CBECED00574018 /* Cloud.m */; };
		EA7203FC13CBF0EE00574018 /* QuartzCore.framework in Frameworks */ = {isa = PBXBuildFile; fileRef = EA7203FB13CBF0EE00574018 /* QuartzCore.framework */; };
/* End PBXBuildFile section */

/* Begin PBXFileReference section */
		EA3F8EB913C001CB00795244 /* Pebbles.app */ = {isa = PBXFileReference; explicitFileType = wrapper.application; includeInIndex = 0; path = Pebbles.app; sourceTree = BUILT_PRODUCTS_DIR; };
		EA3F8EBD13C001CB00795244 /* UIKit.framework */ = {isa = PBXFileReference; lastKnownFileType = wrapper.framework; name = UIKit.framework; path = System/Library/Frameworks/UIKit.framework; sourceTree = SDKROOT; };
		EA3F8EBF13C001CB00795244 /* Foundation.framework */ = {isa = PBXFileReference; lastKnownFileType = wrapper.framework; name = Foundation.framework; path = System/Library/Frameworks/Foundation.framework; sourceTree = SDKROOT; };
		EA3F8EC113C001CB00795244 /* CoreGraphics.framework */ = {isa = PBXFileReference; lastKnownFileType = wrapper.framework; name = CoreGraphics.framework; path = System/Library/Frameworks/CoreGraphics.framework; sourceTree = SDKROOT; };
		EA3F8EC513C001CB00795244 /* Pebbles-Info.plist */ = {isa = PBXFileReference; lastKnownFileType = text.plist.xml; path = "Pebbles-Info.plist"; sourceTree = "<group>"; };
		EA3F8EC713C001CB00795244 /* en */ = {isa = PBXFileReference; lastKnownFileType = text.plist.strings; name = en; path = en.lproj/InfoPlist.strings; sourceTree = "<group>"; };
		EA3F8EC913C001CB00795244 /* Pebbles-Prefix.pch */ = {isa = PBXFileReference; lastKnownFileType = sourcecode.c.h; path = "Pebbles-Prefix.pch"; sourceTree = "<group>"; };
		EA3F8ECA13C001CB00795244 /* main.m */ = {isa = PBXFileReference; lastKnownFileType = sourcecode.c.objc; path = main.m; sourceTree = "<group>"; };
		EA3F8ECC13C001CB00795244 /* PebblesAppDelegate.h */ = {isa = PBXFileReference; lastKnownFileType = sourcecode.c.h; path = PebblesAppDelegate.h; sourceTree = "<group>"; };
		EA3F8ECD13C001CB00795244 /* PebblesAppDelegate.m */ = {isa = PBXFileReference; lastKnownFileType = sourcecode.c.objc; path = PebblesAppDelegate.m; sourceTree = "<group>"; };
		EA3F8ED013C001CC00795244 /* en */ = {isa = PBXFileReference; lastKnownFileType = file.xib; name = en; path = en.lproj/MainWindow.xib; sourceTree = "<group>"; };
		EA3F8ED213C001CC00795244 /* PebblesViewController.h */ = {isa = PBXFileReference; lastKnownFileType = sourcecode.c.h; path = PebblesViewController.h; sourceTree = "<group>"; };
		EA3F8ED313C001CC00795244 /* PebblesViewController.m */ = {isa = PBXFileReference; lastKnownFileType = sourcecode.c.objc; path = PebblesViewController.m; sourceTree = "<group>"; };
		EA3F8ED613C001CC00795244 /* en */ = {isa = PBXFileReference; lastKnownFileType = file.xib; name = en; path = en.lproj/PebblesViewController.xib; sourceTree = "<group>"; };
		EA3F8EDE13C003BE00795244 /* CloudViewController.h */ = {isa = PBXFileReference; fileEncoding = 4; lastKnownFileType = sourcecode.c.h; path = CloudViewController.h; sourceTree = "<group>"; };
		EA3F8EDF13C003BE00795244 /* CloudViewController.m */ = {isa = PBXFileReference; fileEncoding = 4; lastKnownFileType = sourcecode.c.objc; path = CloudViewController.m; sourceTree = "<group>"; };
		EA3F8EE413C0099D00795244 /* cloud.png */ = {isa = PBXFileReference; lastKnownFileType = image.png; name = cloud.png; path = images/cloud.png; sourceTree = "<group>"; };
		EA7203F813CBECED00574018 /* Cloud.h */ = {isa = PBXFileReference; fileEncoding = 4; lastKnownFileType = sourcecode.c.h; path = Cloud.h; sourceTree = "<group>"; };
		EA7203F913CBECED00574018 /* Cloud.m */ = {isa = PBXFileReference; fileEncoding = 4; lastKnownFileType = sourcecode.c.objc; path = Cloud.m; sourceTree = "<group>"; };
		EA7203FB13CBF0EE00574018 /* QuartzCore.framework */ = {isa = PBXFileReference; lastKnownFileType = wrapper.framework; name = QuartzCore.framework; path = System/Library/Frameworks/QuartzCore.framework; sourceTree = SDKROOT; };
/* End PBXFileReference section */

/* Begin PBXFrameworksBuildPhase section */
		EA3F8EB613C001CB00795244 /* Frameworks */ = {
			isa = PBXFrameworksBuildPhase;
			buildActionMask = 2147483647;
			files = (
				EA7203FC13CBF0EE00574018 /* QuartzCore.framework in Frameworks */,
				EA3F8EBE13C001CB00795244 /* UIKit.framework in Frameworks */,
				EA3F8EC013C001CB00795244 /* Foundation.framework in Frameworks */,
				EA3F8EC213C001CB00795244 /* CoreGraphics.framework in Frameworks */,
			);
			runOnlyForDeploymentPostprocessing = 0;
		};
/* End PBXFrameworksBuildPhase section */

/* Begin PBXGroup section */
		EA3F8EAE13C001CB00795244 = {
			isa = PBXGroup;
			children = (
				EA7203FB13CBF0EE00574018 /* QuartzCore.framework */,
				EA3F8EC313C001CB00795244 /* Pebbles */,
				EA3F8EE113C0091000795244 /* Images */,
				EA3F8EBC13C001CB00795244 /* Frameworks */,
				EA3F8EBA13C001CB00795244 /* Products */,
			);
			sourceTree = "<group>";
		};
		EA3F8EBA13C001CB00795244 /* Products */ = {
			isa = PBXGroup;
			children = (
				EA3F8EB913C001CB00795244 /* Pebbles.app */,
			);
			name = Products;
			sourceTree = "<group>";
		};
		EA3F8EBC13C001CB00795244 /* Frameworks */ = {
			isa = PBXGroup;
			children = (
				EA3F8EBD13C001CB00795244 /* UIKit.framework */,
				EA3F8EBF13C001CB00795244 /* Foundation.framework */,
				EA3F8EC113C001CB00795244 /* CoreGraphics.framework */,
			);
			name = Frameworks;
			sourceTree = "<group>";
		};
		EA3F8EC313C001CB00795244 /* Pebbles */ = {
			isa = PBXGroup;
			children = (
				EA7203EE13CBEB2C00574018 /* Actors */,
				EA3F8EDD13C0037C00795244 /* Objects */,
				EA3F8ECC13C001CB00795244 /* PebblesAppDelegate.h */,
				EA3F8ECD13C001CB00795244 /* PebblesAppDelegate.m */,
				EA3F8ECF13C001CC00795244 /* MainWindow.xib */,
				EA3F8ED213C001CC00795244 /* PebblesViewController.h */,
				EA3F8ED313C001CC00795244 /* PebblesViewController.m */,
				EA3F8ED513C001CC00795244 /* PebblesViewController.xib */,
				EA3F8EC413C001CB00795244 /* Supporting Files */,
			);
			path = Pebbles;
			sourceTree = "<group>";
		};
		EA3F8EC413C001CB00795244 /* Supporting Files */ = {
			isa = PBXGroup;
			children = (
				EA3F8EC513C001CB00795244 /* Pebbles-Info.plist */,
				EA3F8EC613C001CB00795244 /* InfoPlist.strings */,
				EA3F8EC913C001CB00795244 /* Pebbles-Prefix.pch */,
				EA3F8ECA13C001CB00795244 /* main.m */,
			);
			name = "Supporting Files";
			sourceTree = "<group>";
		};
		EA3F8EDD13C0037C00795244 /* Objects */ = {
			isa = PBXGroup;
			children = (
				EA3F8EDE13C003BE00795244 /* CloudViewController.h */,
				EA3F8EDF13C003BE00795244 /* CloudViewController.m */,
			);
			name = Objects;
			sourceTree = "<group>";
		};
		EA3F8EE113C0091000795244 /* Images */ = {
			isa = PBXGroup;
			children = (
				EA3F8EE413C0099D00795244 /* cloud.png */,
			);
			name = Images;
			path = Pebbles;
			sourceTree = "<group>";
		};
		EA7203EE13CBEB2C00574018 /* Actors */ = {
			isa = PBXGroup;
			children = (
				EA7203F813CBECED00574018 /* Cloud.h */,
				EA7203F913CBECED00574018 /* Cloud.m */,
			);
			name = Actors;
			sourceTree = "<group>";
		};
/* End PBXGroup section */

/* Begin PBXNativeTarget section */
		EA3F8EB813C001CB00795244 /* Pebbles */ = {
			isa = PBXNativeTarget;
			buildConfigurationList = EA3F8EDA13C001CC00795244 /* Build configuration list for PBXNativeTarget "Pebbles" */;
			buildPhases = (
				EA3F8EB513C001CB00795244 /* Sources */,
				EA3F8EB613C001CB00795244 /* Frameworks */,
				EA3F8EB713C001CB00795244 /* Resources */,
			);
			buildRules = (
			);
			dependencies = (
			);
			name = Pebbles;
			productName = Pebbles;
			productReference = EA3F8EB913C001CB00795244 /* Pebbles.app */;
			productType = "com.apple.product-type.application";
		};
/* End PBXNativeTarget section */

/* Begin PBXProject section */
		EA3F8EB013C001CB00795244 /* Project object */ = {
			isa = PBXProject;
			buildConfigurationList = EA3F8EB313C001CB00795244 /* Build configuration list for PBXProject "Pebbles" */;
			compatibilityVersion = "Xcode 3.2";
			developmentRegion = English;
			hasScannedForEncodings = 0;
			knownRegions = (
				en,
			);
			mainGroup = EA3F8EAE13C001CB00795244;
			productRefGroup = EA3F8EBA13C001CB00795244 /* Products */;
			projectDirPath = "";
			projectRoot = "";
			targets = (
				EA3F8EB813C001CB00795244 /* Pebbles */,
			);
		};
/* End PBXProject section */

/* Begin PBXResourcesBuildPhase section */
		EA3F8EB713C001CB00795244 /* Resources */ = {
			isa = PBXResourcesBuildPhase;
			buildActionMask = 2147483647;
			files = (
				EA3F8EC813C001CB00795244 /* InfoPlist.strings in Resources */,
				EA3F8ED113C001CC00795244 /* MainWindow.xib in Resources */,
				EA3F8ED713C001CC00795244 /* PebblesViewController.xib in Resources */,
				EA3F8EE513C0099D00795244 /* cloud.png in Resources */,
			);
			runOnlyForDeploymentPostprocessing = 0;
		};
/* End PBXResourcesBuildPhase section */

/* Begin PBXSourcesBuildPhase section */
		EA3F8EB513C001CB00795244 /* Sources */ = {
			isa = PBXSourcesBuildPhase;
			buildActionMask = 2147483647;
			files = (
				EA3F8ECB13C001CB00795244 /* main.m in Sources */,
				EA3F8ECE13C001CB00795244 /* PebblesAppDelegate.m in Sources */,
				EA3F8ED413C001CC00795244 /* PebblesViewController.m in Sources */,
				EA3F8EE013C003BE00795244 /* CloudViewController.m in Sources */,
				EA7203FA13CBECED00574018 /* Cloud.m in Sources */,
			);
			runOnlyForDeploymentPostprocessing = 0;
		};
/* End PBXSourcesBuildPhase section */

/* Begin PBXVariantGroup section */
		EA3F8EC613C001CB00795244 /* InfoPlist.strings */ = {
			isa = PBXVariantGroup;
			children = (
				EA3F8EC713C001CB00795244 /* en */,
			);
			name = InfoPlist.strings;
			sourceTree = "<group>";
		};
		EA3F8ECF13C001CC00795244 /* MainWindow.xib */ = {
			isa = PBXVariantGroup;
			children = (
				EA3F8ED013C001CC00795244 /* en */,
			);
			name = MainWindow.xib;
			sourceTree = "<group>";
		};
		EA3F8ED513C001CC00795244 /* PebblesViewController.xib */ = {
			isa = PBXVariantGroup;
			children = (
				EA3F8ED613C001CC00795244 /* en */,
			);
			name = PebblesViewController.xib;
			sourceTree = "<group>";
		};
/* End PBXVariantGroup section */

/* Begin XCBuildConfiguration section */
		EA3F8ED813C001CC00795244 /* Debug */ = {
			isa = XCBuildConfiguration;
			buildSettings = {
				ARCHS = "$(ARCHS_STANDARD_32_BIT)";
				"CODE_SIGN_IDENTITY[sdk=iphoneos*]" = "iPhone Developer";
				GCC_C_LANGUAGE_STANDARD = gnu99;
				GCC_OPTIMIZATION_LEVEL = 0;
				GCC_PREPROCESSOR_DEFINITIONS = DEBUG;
				GCC_SYMBOLS_PRIVATE_EXTERN = NO;
				GCC_VERSION = com.apple.compilers.llvmgcc42;
				GCC_WARN_ABOUT_RETURN_TYPE = YES;
				GCC_WARN_UNUSED_VARIABLE = YES;
				IPHONEOS_DEPLOYMENT_TARGET = 4.3;
				SDKROOT = iphoneos;
			};
			name = Debug;
		};
		EA3F8ED913C001CC00795244 /* Release */ = {
			isa = XCBuildConfiguration;
			buildSettings = {
				ARCHS = "$(ARCHS_STANDARD_32_BIT)";
				"CODE_SIGN_IDENTITY[sdk=iphoneos*]" = "iPhone Developer";
				GCC_C_LANGUAGE_STANDARD = gnu99;
				GCC_VERSION = com.apple.compilers.llvmgcc42;
				GCC_WARN_ABOUT_RETURN_TYPE = YES;
				GCC_WARN_UNUSED_VARIABLE = YES;
				IPHONEOS_DEPLOYMENT_TARGET = 4.3;
				OTHER_CFLAGS = "-DNS_BLOCK_ASSERTIONS=1";
				SDKROOT = iphoneos;
			};
			name = Release;
		};
		EA3F8EDB13C001CC00795244 /* Debug */ = {
			isa = XCBuildConfiguration;
			buildSettings = {
				ALWAYS_SEARCH_USER_PATHS = NO;
				COPY_PHASE_STRIP = NO;
				GCC_DYNAMIC_NO_PIC = NO;
				GCC_PRECOMPILE_PREFIX_HEADER = YES;
				GCC_PREFIX_HEADER = "Pebbles/Pebbles-Prefix.pch";
				INFOPLIST_FILE = "Pebbles/Pebbles-Info.plist";
				IPHONEOS_DEPLOYMENT_TARGET = 4.1;
				PRODUCT_NAME = "$(TARGET_NAME)";
				WRAPPER_EXTENSION = app;
			};
			name = Debug;
		};
		EA3F8EDC13C001CC00795244 /* Release */ = {
			isa = XCBuildConfiguration;
			buildSettings = {
				ALWAYS_SEARCH_USER_PATHS = NO;
				COPY_PHASE_STRIP = YES;
				GCC_PRECOMPILE_PREFIX_HEADER = YES;
				GCC_PREFIX_HEADER = "Pebbles/Pebbles-Prefix.pch";
				INFOPLIST_FILE = "Pebbles/Pebbles-Info.plist";
				IPHONEOS_DEPLOYMENT_TARGET = 4.1;
				PRODUCT_NAME = "$(TARGET_NAME)";
				VALIDATE_PRODUCT = YES;
				WRAPPER_EXTENSION = app;
			};
			name = Release;
		};
/* End XCBuildConfiguration section */

/* Begin XCConfigurationList section */
		EA3F8EB313C001CB00795244 /* Build configuration list for PBXProject "Pebbles" */ = {
			isa = XCConfigurationList;
			buildConfigurations = (
				EA3F8ED813C001CC00795244 /* Debug */,
				EA3F8ED913C001CC00795244 /* Release */,
			);
			defaultConfigurationIsVisible = 0;
			defaultConfigurationName = Release;
		};
		EA3F8EDA13C001CC00795244 /* Build configuration list for PBXNativeTarget "Pebbles" */ = {
			isa = XCConfigurationList;
			buildConfigurations = (
				EA3F8EDB13C001CC00795244 /* Debug */,
				EA3F8EDC13C001CC00795244 /* Release */,
			);
			defaultConfigurationIsVisible = 0;
			defaultConfigurationName = Release;
		};
/* End XCConfigurationList section */
	};
	rootObject = EA3F8EB013C001CB00795244 /* Project object */;
}
